
Microsoft Visual Studio Solution File, Format Version 12.00
# Visual Studio Version 16
VisualStudioVersion = 16.0.32126.315
MinimumVisualStudioVersion = 10.0.40219.1
Project("{FAE04EC0-301F-11D3-BF4B-00C04F79EFBC}") = "1. Action Point", "1. Action Point.csproj", "{A874B374-1FB8-4F61-8225-9FB786DB2C52}"
EndProject
Global
	GlobalSection(SolutionConfigurationPlatforms) = preSolution
		Debug|Any CPU = Debug|Any CPU
		Release|Any CPU = Release|Any CPU
	EndGlobalSection
	GlobalSection(ProjectConfigurationPlatforms) = postSolution
		{A874B374-1FB8-4F61-8225-9FB786DB2C52}.Debug|Any CPU.ActiveCfg = Debug|Any CPU
		{A874B374-1FB8-4F61-8225-9FB786DB2C52}.Debug|Any CPU.Build.0 = Debug|Any CPU
		{A874B374-1FB8-4F61-8225-9FB786DB2C52}.Release|Any CPU.ActiveCfg = Release|Any CPU
		{A874B374-1FB8-4F61-8225-9FB786DB2C52}.Release|Any CPU.Build.0 = Release|Any CPU
	EndGlobalSection
	GlobalSection(SolutionProperties) = preSolution
		HideSolutionNode = FALSE
	EndGlobalSection
	GlobalSection(ExtensibilityGlobals) = postSolution
		SolutionGuid = {C3FE2ED5-8C8D-446E-BA2A-ABFF01F38B54}
	EndGlobalSection
EndGlobal
