
Microsoft Visual Studio Solution File, Format Version 12.00
# Visual Studio Version 16
VisualStudioVersion = 16.0.32002.261
MinimumVisualStudioVersion = 10.0.40219.1
Project("{FAE04EC0-301F-11D3-BF4B-00C04F79EFBC}") = "1. Count Real Numbers", "1. Count Real Numbers.csproj", "{7447508E-01F7-4710-B8CA-40225B8CF894}"
EndProject
Global
	GlobalSection(SolutionConfigurationPlatforms) = preSolution
		Debug|Any CPU = Debug|Any CPU
		Release|Any CPU = Release|Any CPU
	EndGlobalSection
	GlobalSection(ProjectConfigurationPlatforms) = postSolution
		{7447508E-01F7-4710-B8CA-40225B8CF894}.Debug|Any CPU.ActiveCfg = Debug|Any CPU
		{7447508E-01F7-4710-B8CA-40225B8CF894}.Debug|Any CPU.Build.0 = Debug|Any CPU
		{7447508E-01F7-4710-B8CA-40225B8CF894}.Release|Any CPU.ActiveCfg = Release|Any CPU
		{7447508E-01F7-4710-B8CA-40225B8CF894}.Release|Any CPU.Build.0 = Release|Any CPU
	EndGlobalSection
	GlobalSection(SolutionProperties) = preSolution
		HideSolutionNode = FALSE
	EndGlobalSection
	GlobalSection(ExtensibilityGlobals) = postSolution
		SolutionGuid = {2066B496-EEA7-46BD-97E2-FE824A1B1D9C}
	EndGlobalSection
EndGlobal
