
Microsoft Visual Studio Solution File, Format Version 12.00
# Visual Studio Version 16
VisualStudioVersion = 16.0.32002.261
MinimumVisualStudioVersion = 10.0.40219.1
Project("{FAE04EC0-301F-11D3-BF4B-00C04F79EFBC}") = "1. Advertisement Message", "1. Advertisement Message.csproj", "{614C9452-47A3-4C5D-9CC7-26A78DDE76B0}"
EndProject
Global
	GlobalSection(SolutionConfigurationPlatforms) = preSolution
		Debug|Any CPU = Debug|Any CPU
		Release|Any CPU = Release|Any CPU
	EndGlobalSection
	GlobalSection(ProjectConfigurationPlatforms) = postSolution
		{614C9452-47A3-4C5D-9CC7-26A78DDE76B0}.Debug|Any CPU.ActiveCfg = Debug|Any CPU
		{614C9452-47A3-4C5D-9CC7-26A78DDE76B0}.Debug|Any CPU.Build.0 = Debug|Any CPU
		{614C9452-47A3-4C5D-9CC7-26A78DDE76B0}.Release|Any CPU.ActiveCfg = Release|Any CPU
		{614C9452-47A3-4C5D-9CC7-26A78DDE76B0}.Release|Any CPU.Build.0 = Release|Any CPU
	EndGlobalSection
	GlobalSection(SolutionProperties) = preSolution
		HideSolutionNode = FALSE
	EndGlobalSection
	GlobalSection(ExtensibilityGlobals) = postSolution
		SolutionGuid = {0DB10B3F-27AA-4846-94EF-1208ED69B914}
	EndGlobalSection
EndGlobal
