
Microsoft Visual Studio Solution File, Format Version 12.00
# Visual Studio Version 16
VisualStudioVersion = 16.0.32002.261
MinimumVisualStudioVersion = 10.0.40219.1
Project("{FAE04EC0-301F-11D3-BF4B-00C04F79EFBC}") = "exercise", "exercise\exercise.csproj", "{1AE9098C-3D62-4A19-9D24-BED66E99E30E}"
EndProject
Global
	GlobalSection(SolutionConfigurationPlatforms) = preSolution
		Debug|Any CPU = Debug|Any CPU
		Release|Any CPU = Release|Any CPU
	EndGlobalSection
	GlobalSection(ProjectConfigurationPlatforms) = postSolution
		{1AE9098C-3D62-4A19-9D24-BED66E99E30E}.Debug|Any CPU.ActiveCfg = Debug|Any CPU
		{1AE9098C-3D62-4A19-9D24-BED66E99E30E}.Debug|Any CPU.Build.0 = Debug|Any CPU
		{1AE9098C-3D62-4A19-9D24-BED66E99E30E}.Release|Any CPU.ActiveCfg = Release|Any CPU
		{1AE9098C-3D62-4A19-9D24-BED66E99E30E}.Release|Any CPU.Build.0 = Release|Any CPU
	EndGlobalSection
	GlobalSection(SolutionProperties) = preSolution
		HideSolutionNode = FALSE
	EndGlobalSection
	GlobalSection(ExtensibilityGlobals) = postSolution
		SolutionGuid = {92F4789A-576A-4801-9C98-F9FC8ABC8CCF}
	EndGlobalSection
EndGlobal
