
Microsoft Visual Studio Solution File, Format Version 12.00
# Visual Studio Version 16
VisualStudioVersion = 16.0.32106.194
MinimumVisualStudioVersion = 10.0.40219.1
Project("{FAE04EC0-301F-11D3-BF4B-00C04F79EFBC}") = "1. Unique Usernames", "1. Unique Usernames.csproj", "{445298BA-FE4E-4D56-901D-3674905EA7F7}"
EndProject
Global
	GlobalSection(SolutionConfigurationPlatforms) = preSolution
		Debug|Any CPU = Debug|Any CPU
		Release|Any CPU = Release|Any CPU
	EndGlobalSection
	GlobalSection(ProjectConfigurationPlatforms) = postSolution
		{445298BA-FE4E-4D56-901D-3674905EA7F7}.Debug|Any CPU.ActiveCfg = Debug|Any CPU
		{445298BA-FE4E-4D56-901D-3674905EA7F7}.Debug|Any CPU.Build.0 = Debug|Any CPU
		{445298BA-FE4E-4D56-901D-3674905EA7F7}.Release|Any CPU.ActiveCfg = Release|Any CPU
		{445298BA-FE4E-4D56-901D-3674905EA7F7}.Release|Any CPU.Build.0 = Release|Any CPU
	EndGlobalSection
	GlobalSection(SolutionProperties) = preSolution
		HideSolutionNode = FALSE
	EndGlobalSection
	GlobalSection(ExtensibilityGlobals) = postSolution
		SolutionGuid = {ED421E1D-126E-441D-9B95-3FCFE72DC9CD}
	EndGlobalSection
EndGlobal
