
Microsoft Visual Studio Solution File, Format Version 12.00
# Visual Studio Version 16
VisualStudioVersion = 16.0.32002.261
MinimumVisualStudioVersion = 10.0.40219.1
Project("{FAE04EC0-301F-11D3-BF4B-00C04F79EFBC}") = "1. Randomize Words", "1. Randomize Words.csproj", "{3F1C8D0D-30D1-4960-9567-BFECD61DAE73}"
EndProject
Global
	GlobalSection(SolutionConfigurationPlatforms) = preSolution
		Debug|Any CPU = Debug|Any CPU
		Release|Any CPU = Release|Any CPU
	EndGlobalSection
	GlobalSection(ProjectConfigurationPlatforms) = postSolution
		{3F1C8D0D-30D1-4960-9567-BFECD61DAE73}.Debug|Any CPU.ActiveCfg = Debug|Any CPU
		{3F1C8D0D-30D1-4960-9567-BFECD61DAE73}.Debug|Any CPU.Build.0 = Debug|Any CPU
		{3F1C8D0D-30D1-4960-9567-BFECD61DAE73}.Release|Any CPU.ActiveCfg = Release|Any CPU
		{3F1C8D0D-30D1-4960-9567-BFECD61DAE73}.Release|Any CPU.Build.0 = Release|Any CPU
	EndGlobalSection
	GlobalSection(SolutionProperties) = preSolution
		HideSolutionNode = FALSE
	EndGlobalSection
	GlobalSection(ExtensibilityGlobals) = postSolution
		SolutionGuid = {FEDC8E4B-47F4-43E8-B365-B83E9F9E6D17}
	EndGlobalSection
EndGlobal
